
Microsoft Visual Studio Solution File, Format Version 12.00
# Visual Studio Version 17
VisualStudioVersion = 17.4.33110.190
MinimumVisualStudioVersion = 10.0.40219.1
Project("{FAE04EC0-301F-11D3-BF4B-00C04F79EFBC}") = "WindowsFormsAppLesson10", "WindowsFormsAppLesson10\WindowsFormsAppLesson10.csproj", "{CEC004FC-8BAC-4F70-ACAF-46D3439D47EB}"
EndProject
Global
	GlobalSection(SolutionConfigurationPlatforms) = preSolution
		Debug|Any CPU = Debug|Any CPU
		Release|Any CPU = Release|Any CPU
	EndGlobalSection
	GlobalSection(ProjectConfigurationPlatforms) = postSolution
		{CEC004FC-8BAC-4F70-ACAF-46D3439D47EB}.Debug|Any CPU.ActiveCfg = Debug|Any CPU
		{CEC004FC-8BAC-4F70-ACAF-46D3439D47EB}.Debug|Any CPU.Build.0 = Debug|Any CPU
		{CEC004FC-8BAC-4F70-ACAF-46D3439D47EB}.Release|Any CPU.ActiveCfg = Release|Any CPU
		{CEC004FC-8BAC-4F70-ACAF-46D3439D47EB}.Release|Any CPU.Build.0 = Release|Any CPU
	EndGlobalSection
	GlobalSection(SolutionProperties) = preSolution
		HideSolutionNode = FALSE
	EndGlobalSection
	GlobalSection(ExtensibilityGlobals) = postSolution
		SolutionGuid = {0FD422BF-306E-4A92-9B5D-2B58B755B317}
	EndGlobalSection
EndGlobal
